
Microsoft Visual Studio Solution File, Format Version 12.00
# Visual Studio Version 17
VisualStudioVersion = 17.5.33530.505
MinimumVisualStudioVersion = 10.0.40219.1
Project("{FAE04EC0-301F-11D3-BF4B-00C04F79EFBC}") = "Tobey.BZMacProcessFix", "Tobey.BZMacProcessFix\Tobey.BZMacProcessFix.csproj", "{36D4D672-9F48-4140-9627-7884F6D46780}"
EndProject
Global
	GlobalSection(SolutionConfigurationPlatforms) = preSolution
		Debug|Any CPU = Debug|Any CPU
		Release|Any CPU = Release|Any CPU
	EndGlobalSection
	GlobalSection(ProjectConfigurationPlatforms) = postSolution
		{36D4D672-9F48-4140-9627-7884F6D46780}.Debug|Any CPU.ActiveCfg = Debug|Any CPU
		{36D4D672-9F48-4140-9627-7884F6D46780}.Debug|Any CPU.Build.0 = Debug|Any CPU
		{36D4D672-9F48-4140-9627-7884F6D46780}.Release|Any CPU.ActiveCfg = Release|Any CPU
		{36D4D672-9F48-4140-9627-7884F6D46780}.Release|Any CPU.Build.0 = Release|Any CPU
	EndGlobalSection
	GlobalSection(SolutionProperties) = preSolution
		HideSolutionNode = FALSE
	EndGlobalSection
	GlobalSection(ExtensibilityGlobals) = postSolution
		SolutionGuid = {D9976858-4A9C-4DD0-9ACB-A0A3C69C3D97}
	EndGlobalSection
EndGlobal
